
Microsoft Visual Studio Solution File, Format Version 12.00
# Visual Studio 15
VisualStudioVersion = 15.0.28307.779
MinimumVisualStudioVersion = 10.0.40219.1
Project("{888888A0-9F3D-457C-B088-3A5042F75D52}") = "ssci_lo", "ssci_lo.pyproj", "{EF78555D-C9EF-44F3-8D73-E3FB1DE6DF46}"
EndProject
Global
	GlobalSection(SolutionConfigurationPlatforms) = preSolution
		Debug|Any CPU = Debug|Any CPU
		Release|Any CPU = Release|Any CPU
	EndGlobalSection
	GlobalSection(ProjectConfigurationPlatforms) = postSolution
		{EF78555D-C9EF-44F3-8D73-E3FB1DE6DF46}.Debug|Any CPU.ActiveCfg = Debug|Any CPU
		{EF78555D-C9EF-44F3-8D73-E3FB1DE6DF46}.Debug|Any CPU.Build.0 = Debug|Any CPU
		{EF78555D-C9EF-44F3-8D73-E3FB1DE6DF46}.Release|Any CPU.ActiveCfg = Release|Any CPU
		{EF78555D-C9EF-44F3-8D73-E3FB1DE6DF46}.Release|Any CPU.Build.0 = Release|Any CPU
	EndGlobalSection
	GlobalSection(SolutionProperties) = preSolution
		HideSolutionNode = FALSE
	EndGlobalSection
	GlobalSection(ExtensibilityGlobals) = postSolution
		SolutionGuid = {37B31F9A-E9C9-4C93-B4FD-1CA819D31436}
	EndGlobalSection
EndGlobal
